// !$*UTF8*$!
{
	archiveVersion = 1;
	classes = {
	};
	objectVersion = 46;
	objects = {

/* Begin PBXBuildFile section */
		74BE91541AB5320D00A170EF /* RecordedAudio.swift in Sources */ = {isa = PBXBuildFile; fileRef = 74BE91531AB5320D00A170EF /* RecordedAudio.swift */; };
		74C610C01AB4E40A00BDFE0A /* AppDelegate.swift in Sources */ = {isa = PBXBuildFile; fileRef = 74C610BF1AB4E40A00BDFE0A /* AppDelegate.swift */; };
		74C610C21AB4E40A00BDFE0A /* RecordingViewController.swift in Sources */ = {isa = PBXBuildFile; fileRef = 74C610C11AB4E40A00BDFE0A /* RecordingViewController.swift */; };
		74C610C51AB4E40A00BDFE0A /* Main.storyboard in Resources */ = {isa = PBXBuildFile; fileRef = 74C610C31AB4E40A00BDFE0A /* Main.storyboard */; };
		74C610C71AB4E40A00BDFE0A /* Images.xcassets in Resources */ = {isa = PBXBuildFile; fileRef = 74C610C61AB4E40A00BDFE0A /* Images.xcassets */; };
		74C610CA1AB4E40A00BDFE0A /* LaunchScreen.xib in Resources */ = {isa = PBXBuildFile; fileRef = 74C610C81AB4E40A00BDFE0A /* LaunchScreen.xib */; };
		74C610D61AB4E40A00BDFE0A /* Pitch_PerfectTests.swift in Sources */ = {isa = PBXBuildFile; fileRef = 74C610D51AB4E40A00BDFE0A /* Pitch_PerfectTests.swift */; };
		74C610E01AB4FBBD00BDFE0A /* PlaySoundsViewController.swift in Sources */ = {isa = PBXBuildFile; fileRef = 74C610DF1AB4FBBD00BDFE0A /* PlaySoundsViewController.swift */; };
		74C610E21AB4FC7800BDFE0A /* movie_quote.mp3 in Resources */ = {isa = PBXBuildFile; fileRef = 74C610E11AB4FC7800BDFE0A /* movie_quote.mp3 */; };
/* End PBXBuildFile section */

/* Begin PBXContainerItemProxy section */
		74C610D01AB4E40A00BDFE0A /* PBXContainerItemProxy */ = {
			isa = PBXContainerItemProxy;
			containerPortal = 74C610B21AB4E40A00BDFE0A /* Project object */;
			proxyType = 1;
			remoteGlobalIDString = 74C610B91AB4E40A00BDFE0A;
			remoteInfo = "Pitch Perfect";
		};
/* End PBXContainerItemProxy section */

/* Begin PBXFileReference section */
		74BE91531AB5320D00A170EF /* RecordedAudio.swift */ = {isa = PBXFileReference; fileEncoding = 4; lastKnownFileType = sourcecode.swift; path = RecordedAudio.swift; sourceTree = "<group>"; };
		74C610BA1AB4E40A00BDFE0A /* Pitch Perfect.app */ = {isa = PBXFileReference; explicitFileType = wrapper.application; includeInIndex = 0; path = "Pitch Perfect.app"; sourceTree = BUILT_PRODUCTS_DIR; };
		74C610BE1AB4E40A00BDFE0A /* Info.plist */ = {isa = PBXFileReference; lastKnownFileType = text.plist.xml; path = Info.plist; sourceTree = "<group>"; };
		74C610BF1AB4E40A00BDFE0A /* AppDelegate.swift */ = {isa = PBXFileReference; lastKnownFileType = sourcecode.swift; path = AppDelegate.swift; sourceTree = "<group>"; };
		74C610C11AB4E40A00BDFE0A /* RecordingViewController.swift */ = {isa = PBXFileReference; lastKnownFileType = sourcecode.swift; path = RecordingViewController.swift; sourceTree = "<group>"; };
		74C610C41AB4E40A00BDFE0A /* Base */ = {isa = PBXFileReference; lastKnownFileType = file.storyboard; name = Base; path = Base.lproj/Main.storyboard; sourceTree = "<group>"; };
		74C610C61AB4E40A00BDFE0A /* Images.xcassets */ = {isa = PBXFileReference; lastKnownFileType = folder.assetcatalog; path = Images.xcassets; sourceTree = "<group>"; };
		74C610C91AB4E40A00BDFE0A /* Base */ = {isa = PBXFileReference; lastKnownFileType = file.xib; name = Base; path = Base.lproj/LaunchScreen.xib; sourceTree = "<group>"; };
		74C610CF1AB4E40A00BDFE0A /* Pitch PerfectTests.xctest */ = {isa = PBXFileReference; explicitFileType = wrapper.cfbundle; includeInIndex = 0; path = "Pitch PerfectTests.xctest"; sourceTree = BUILT_PRODUCTS_DIR; };
		74C610D41AB4E40A00BDFE0A /* Info.plist */ = {isa = PBXFileReference; lastKnownFileType = text.plist.xml; path = Info.plist; sourceTree = "<group>"; };
		74C610D51AB4E40A00BDFE0A /* Pitch_PerfectTests.swift */ = {isa = PBXFileReference; lastKnownFileType = sourcecode.swift; path = Pitch_PerfectTests.swift; sourceTree = "<group>"; };
		74C610DF1AB4FBBD00BDFE0A /* PlaySoundsViewController.swift */ = {isa = PBXFileReference; fileEncoding = 4; lastKnownFileType = sourcecode.swift; path = PlaySoundsViewController.swift; sourceTree = "<group>"; };
		74C610E11AB4FC7800BDFE0A /* movie_quote.mp3 */ = {isa = PBXFileReference; lastKnownFileType = audio.mp3; path = movie_quote.mp3; sourceTree = "<group>"; };
/* End PBXFileReference section */

/* Begin PBXFrameworksBuildPhase section */
		74C610B71AB4E40A00BDFE0A /* Frameworks */ = {
			isa = PBXFrameworksBuildPhase;
			buildActionMask = 2147483647;
			files = (
			);
			runOnlyForDeploymentPostprocessing = 0;
		};
		74C610CC1AB4E40A00BDFE0A /* Frameworks */ = {
			isa = PBXFrameworksBuildPhase;
			buildActionMask = 2147483647;
			files = (
			);
			runOnlyForDeploymentPostprocessing = 0;
		};
/* End PBXFrameworksBuildPhase section */

/* Begin PBXGroup section */
		74C610B11AB4E40A00BDFE0A = {
			isa = PBXGroup;
			children = (
				74C610BC1AB4E40A00BDFE0A /* Pitch Perfect */,
				74C610D21AB4E40A00BDFE0A /* Pitch PerfectTests */,
				74C610BB1AB4E40A00BDFE0A /* Products */,
			);
			sourceTree = "<group>";
		};
		74C610BB1AB4E40A00BDFE0A /* Products */ = {
			isa = PBXGroup;
			children = (
				74C610BA1AB4E40A00BDFE0A /* Pitch Perfect.app */,
				74C610CF1AB4E40A00BDFE0A /* Pitch PerfectTests.xctest */,
			);
			name = Products;
			sourceTree = "<group>";
		};
		74C610BC1AB4E40A00BDFE0A /* Pitch Perfect */ = {
			isa = PBXGroup;
			children = (
				74C610BF1AB4E40A00BDFE0A /* AppDelegate.swift */,
				74C610C11AB4E40A00BDFE0A /* RecordingViewController.swift */,
				74C610DF1AB4FBBD00BDFE0A /* PlaySoundsViewController.swift */,
				74C610C31AB4E40A00BDFE0A /* Main.storyboard */,
				74BE91531AB5320D00A170EF /* RecordedAudio.swift */,
				74C610C61AB4E40A00BDFE0A /* Images.xcassets */,
				74C610C81AB4E40A00BDFE0A /* LaunchScreen.xib */,
				74C610BD1AB4E40A00BDFE0A /* Supporting Files */,
			);
			path = "Pitch Perfect";
			sourceTree = "<group>";
		};
		74C610BD1AB4E40A00BDFE0A /* Supporting Files */ = {
			isa = PBXGroup;
			children = (
				74C610E11AB4FC7800BDFE0A /* movie_quote.mp3 */,
				74C610BE1AB4E40A00BDFE0A /* Info.plist */,
			);
			name = "Supporting Files";
			sourceTree = "<group>";
		};
		74C610D21AB4E40A00BDFE0A /* Pitch PerfectTests */ = {
			isa = PBXGroup;
			children = (
				74C610D51AB4E40A00BDFE0A /* Pitch_PerfectTests.swift */,
				74C610D31AB4E40A00BDFE0A /* Supporting Files */,
			);
			path = "Pitch PerfectTests";
			sourceTree = "<group>";
		};
		74C610D31AB4E40A00BDFE0A /* Supporting Files */ = {
			isa = PBXGroup;
			children = (
				74C610D41AB4E40A00BDFE0A /* Info.plist */,
			);
			name = "Supporting Files";
			sourceTree = "<group>";
		};
/* End PBXGroup section */

/* Begin PBXNativeTarget section */
		74C610B91AB4E40A00BDFE0A /* Pitch Perfect */ = {
			isa = PBXNativeTarget;
			buildConfigurationList = 74C610D91AB4E40A00BDFE0A /* Build configuration list for PBXNativeTarget "Pitch Perfect" */;
			buildPhases = (
				74C610B61AB4E40A00BDFE0A /* Sources */,
				74C610B71AB4E40A00BDFE0A /* Frameworks */,
				74C610B81AB4E40A00BDFE0A /* Resources */,
			);
			buildRules = (
			);
			dependencies = (
			);
			name = "Pitch Perfect";
			productName = "Pitch Perfect";
			productReference = 74C610BA1AB4E40A00BDFE0A /* Pitch Perfect.app */;
			productType = "com.apple.product-type.application";
		};
		74C610CE1AB4E40A00BDFE0A /* Pitch PerfectTests */ = {
			isa = PBXNativeTarget;
			buildConfigurationList = 74C610DC1AB4E40A00BDFE0A /* Build configuration list for PBXNativeTarget "Pitch PerfectTests" */;
			buildPhases = (
				74C610CB1AB4E40A00BDFE0A /* Sources */,
				74C610CC1AB4E40A00BDFE0A /* Frameworks */,
				74C610CD1AB4E40A00BDFE0A /* Resources */,
			);
			buildRules = (
			);
			dependencies = (
				74C610D11AB4E40A00BDFE0A /* PBXTargetDependency */,
			);
			name = "Pitch PerfectTests";
			productName = "Pitch PerfectTests";
			productReference = 74C610CF1AB4E40A00BDFE0A /* Pitch PerfectTests.xctest */;
			productType = "com.apple.product-type.bundle.unit-test";
		};
/* End PBXNativeTarget section */

/* Begin PBXProject section */
		74C610B21AB4E40A00BDFE0A /* Project object */ = {
			isa = PBXProject;
			attributes = {
				LastUpgradeCheck = 0620;
				ORGANIZATIONNAME = Javiercs;
				TargetAttributes = {
					74C610B91AB4E40A00BDFE0A = {
						CreatedOnToolsVersion = 6.2;
						DevelopmentTeam = EH2RL8738X;
					};
					74C610CE1AB4E40A00BDFE0A = {
						CreatedOnToolsVersion = 6.2;
						TestTargetID = 74C610B91AB4E40A00BDFE0A;
					};
				};
			};
			buildConfigurationList = 74C610B51AB4E40A00BDFE0A /* Build configuration list for PBXProject "Pitch Perfect" */;
			compatibilityVersion = "Xcode 3.2";
			developmentRegion = English;
			hasScannedForEncodings = 0;
			knownRegions = (
				en,
				Base,
			);
			mainGroup = 74C610B11AB4E40A00BDFE0A;
			productRefGroup = 74C610BB1AB4E40A00BDFE0A /* Products */;
			projectDirPath = "";
			projectRoot = "";
			targets = (
				74C610B91AB4E40A00BDFE0A /* Pitch Perfect */,
				74C610CE1AB4E40A00BDFE0A /* Pitch PerfectTests */,
			);
		};
/* End PBXProject section */

/* Begin PBXResourcesBuildPhase section */
		74C610B81AB4E40A00BDFE0A /* Resources */ = {
			isa = PBXResourcesBuildPhase;
			buildActionMask = 2147483647;
			files = (
				74C610C51AB4E40A00BDFE0A /* Main.storyboard in Resources */,
				74C610CA1AB4E40A00BDFE0A /* LaunchScreen.xib in Resources */,
				74C610E21AB4FC7800BDFE0A /* movie_quote.mp3 in Resources */,
				74C610C71AB4E40A00BDFE0A /* Images.xcassets in Resources */,
			);
			runOnlyForDeploymentPostprocessing = 0;
		};
		74C610CD1AB4E40A00BDFE0A /* Resources */ = {
			isa = PBXResourcesBuildPhase;
			buildActionMask = 2147483647;
			files = (
			);
			runOnlyForDeploymentPostprocessing = 0;
		};
/* End PBXResourcesBuildPhase section */

/* Begin PBXSourcesBuildPhase section */
		74C610B61AB4E40A00BDFE0A /* Sources */ = {
			isa = PBXSourcesBuildPhase;
			buildActionMask = 2147483647;
			files = (
				74BE91541AB5320D00A170EF /* RecordedAudio.swift in Sources */,
				74C610C21AB4E40A00BDFE0A /* RecordingViewController.swift in Sources */,
				74C610E01AB4FBBD00BDFE0A /* PlaySoundsViewController.swift in Sources */,
				74C610C01AB4E40A00BDFE0A /* AppDelegate.swift in Sources */,
			);
			runOnlyForDeploymentPostprocessing = 0;
		};
		74C610CB1AB4E40A00BDFE0A /* Sources */ = {
			isa = PBXSourcesBuildPhase;
			buildActionMask = 2147483647;
			files = (
				74C610D61AB4E40A00BDFE0A /* Pitch_PerfectTests.swift in Sources */,
			);
			runOnlyForDeploymentPostprocessing = 0;
		};
/* End PBXSourcesBuildPhase section */

/* Begin PBXTargetDependency section */
		74C610D11AB4E40A00BDFE0A /* PBXTargetDependency */ = {
			isa = PBXTargetDependency;
			target = 74C610B91AB4E40A00BDFE0A /* Pitch Perfect */;
			targetProxy = 74C610D01AB4E40A00BDFE0A /* PBXContainerItemProxy */;
		};
/* End PBXTargetDependency section */

/* Begin PBXVariantGroup section */
		74C610C31AB4E40A00BDFE0A /* Main.storyboard */ = {
			isa = PBXVariantGroup;
			children = (
				74C610C41AB4E40A00BDFE0A /* Base */,
			);
			name = Main.storyboard;
			sourceTree = "<group>";
		};
		74C610C81AB4E40A00BDFE0A /* LaunchScreen.xib */ = {
			isa = PBXVariantGroup;
			children = (
				74C610C91AB4E40A00BDFE0A /* Base */,
			);
			name = LaunchScreen.xib;
			sourceTree = "<group>";
		};
/* End PBXVariantGroup section */

/* Begin XCBuildConfiguration section */
		74C610D71AB4E40A00BDFE0A /* Debug */ = {
			isa = XCBuildConfiguration;
			buildSettings = {
				ALWAYS_SEARCH_USER_PATHS = NO;
				CLANG_CXX_LANGUAGE_STANDARD = "gnu++0x";
				CLANG_CXX_LIBRARY = "libc++";
				CLANG_ENABLE_MODULES = YES;
				CLANG_ENABLE_OBJC_ARC = YES;
				CLANG_WARN_BOOL_CONVERSION = YES;
				CLANG_WARN_CONSTANT_CONVERSION = YES;
				CLANG_WARN_DIRECT_OBJC_ISA_USAGE = YES_ERROR;
				CLANG_WARN_EMPTY_BODY = YES;
				CLANG_WARN_ENUM_CONVERSION = YES;
				CLANG_WARN_INT_CONVERSION = YES;
				CLANG_WARN_OBJC_ROOT_CLASS = YES_ERROR;
				CLANG_WARN_UNREACHABLE_CODE = YES;
				CLANG_WARN__DUPLICATE_METHOD_MATCH = YES;
				"CODE_SIGN_IDENTITY[sdk=iphoneos*]" = "iPhone Developer";
				COPY_PHASE_STRIP = NO;
				ENABLE_STRICT_OBJC_MSGSEND = YES;
				GCC_C_LANGUAGE_STANDARD = gnu99;
				GCC_DYNAMIC_NO_PIC = NO;
				GCC_OPTIMIZATION_LEVEL = 0;
				GCC_PREPROCESSOR_DEFINITIONS = (
					"DEBUG=1",
					"$(inherited)",
				);
				GCC_SYMBOLS_PRIVATE_EXTERN = NO;
				GCC_WARN_64_TO_32_BIT_CONVERSION = YES;
				GCC_WARN_ABOUT_RETURN_TYPE = YES_ERROR;
				GCC_WARN_UNDECLARED_SELECTOR = YES;
				GCC_WARN_UNINITIALIZED_AUTOS = YES_AGGRESSIVE;
				GCC_WARN_UNUSED_FUNCTION = YES;
				GCC_WARN_UNUSED_VARIABLE = YES;
				IPHONEOS_DEPLOYMENT_TARGET = 8.2;
				MTL_ENABLE_DEBUG_INFO = YES;
				ONLY_ACTIVE_ARCH = YES;
				SDKROOT = iphoneos;
				SWIFT_OPTIMIZATION_LEVEL = "-Onone";
			};
			name = Debug;
		};
		74C610D81AB4E40A00BDFE0A /* Release */ = {
			isa = XCBuildConfiguration;
			buildSettings = {
				ALWAYS_SEARCH_USER_PATHS = NO;
				CLANG_CXX_LANGUAGE_STANDARD = "gnu++0x";
				CLANG_CXX_LIBRARY = "libc++";
				CLANG_ENABLE_MODULES = YES;
				CLANG_ENABLE_OBJC_ARC = YES;
				CLANG_WARN_BOOL_CONVERSION = YES;
				CLANG_WARN_CONSTANT_CONVERSION = YES;
				CLANG_WARN_DIRECT_OBJC_ISA_USAGE = YES_ERROR;
				CLANG_WARN_EMPTY_BODY = YES;
				CLANG_WARN_ENUM_CONVERSION = YES;
				CLANG_WARN_INT_CONVERSION = YES;
				CLANG_WARN_OBJC_ROOT_CLASS = YES_ERROR;
				CLANG_WARN_UNREACHABLE_CODE = YES;
				CLANG_WARN__DUPLICATE_METHOD_MATCH = YES;
				"CODE_SIGN_IDENTITY[sdk=iphoneos*]" = "iPhone Developer";
				COPY_PHASE_STRIP = NO;
				ENABLE_NS_ASSERTIONS = NO;
				ENABLE_STRICT_OBJC_MSGSEND = YES;
				GCC_C_LANGUAGE_STANDARD = gnu99;
				GCC_WARN_64_TO_32_BIT_CONVERSION = YES;
				GCC_WARN_ABOUT_RETURN_TYPE = YES_ERROR;
				GCC_WARN_UNDECLARED_SELECTOR = YES;
				GCC_WARN_UNINITIALIZED_AUTOS = YES_AGGRESSIVE;
				GCC_WARN_UNUSED_FUNCTION = YES;
				GCC_WARN_UNUSED_VARIABLE = YES;
				IPHONEOS_DEPLOYMENT_TARGET = 8.2;
				MTL_ENABLE_DEBUG_INFO = NO;
				SDKROOT = iphoneos;
				VALIDATE_PRODUCT = YES;
			};
			name = Release;
		};
		74C610DA1AB4E40A00BDFE0A /* Debug */ = {
			isa = XCBuildConfiguration;
			buildSettings = {
				ASSETCATALOG_COMPILER_APPICON_NAME = AppIcon;
				INFOPLIST_FILE = "Pitch Perfect/Info.plist";
				LD_RUNPATH_SEARCH_PATHS = "$(inherited) @executable_path/Frameworks";
				PRODUCT_NAME = "$(TARGET_NAME)";
			};
			name = Debug;
		};
		74C610DB1AB4E40A00BDFE0A /* Release */ = {
			isa = XCBuildConfiguration;
			buildSettings = {
				ASSETCATALOG_COMPILER_APPICON_NAME = AppIcon;
				INFOPLIST_FILE = "Pitch Perfect/Info.plist";
				LD_RUNPATH_SEARCH_PATHS = "$(inherited) @executable_path/Frameworks";
				PRODUCT_NAME = "$(TARGET_NAME)";
			};
			name = Release;
		};
		74C610DD1AB4E40A00BDFE0A /* Debug */ = {
			isa = XCBuildConfiguration;
			buildSettings = {
				BUNDLE_LOADER = "$(TEST_HOST)";
				FRAMEWORK_SEARCH_PATHS = (
					"$(SDKROOT)/Developer/Library/Frameworks",
					"$(inherited)",
				);
				GCC_PREPROCESSOR_DEFINITIONS = (
					"DEBUG=1",
					"$(inherited)",
				);
				INFOPLIST_FILE = "Pitch PerfectTests/Info.plist";
				LD_RUNPATH_SEARCH_PATHS = "$(inherited) @executable_path/Frameworks @loader_path/Frameworks";
				PRODUCT_NAME = "$(TARGET_NAME)";
				TEST_HOST = "$(BUILT_PRODUCTS_DIR)/Pitch Perfect.app/Pitch Perfect";
			};
			name = Debug;
		};
		74C610DE1AB4E40A00BDFE0A /* Release */ = {
			isa = XCBuildConfiguration;
			buildSettings = {
				BUNDLE_LOADER = "$(TEST_HOST)";
				FRAMEWORK_SEARCH_PATHS = (
					"$(SDKROOT)/Developer/Library/Frameworks",
					"$(inherited)",
				);
				INFOPLIST_FILE = "Pitch PerfectTests/Info.plist";
				LD_RUNPATH_SEARCH_PATHS = "$(inherited) @executable_path/Frameworks @loader_path/Frameworks";
				PRODUCT_NAME = "$(TARGET_NAME)";
				TEST_HOST = "$(BUILT_PRODUCTS_DIR)/Pitch Perfect.app/Pitch Perfect";
			};
			name = Release;
		};
/* End XCBuildConfiguration section */

/* Begin XCConfigurationList section */
		74C610B51AB4E40A00BDFE0A /* Build configuration list for PBXProject "Pitch Perfect" */ = {
			isa = XCConfigurationList;
			buildConfigurations = (
				74C610D71AB4E40A00BDFE0A /* Debug */,
				74C610D81AB4E40A00BDFE0A /* Release */,
			);
			defaultConfigurationIsVisible = 0;
			defaultConfigurationName = Release;
		};
		74C610D91AB4E40A00BDFE0A /* Build configuration list for PBXNativeTarget "Pitch Perfect" */ = {
			isa = XCConfigurationList;
			buildConfigurations = (
				74C610DA1AB4E40A00BDFE0A /* Debug */,
				74C610DB1AB4E40A00BDFE0A /* Release */,
			);
			defaultConfigurationIsVisible = 0;
			defaultConfigurationName = Release;
		};
		74C610DC1AB4E40A00BDFE0A /* Build configuration list for PBXNativeTarget "Pitch PerfectTests" */ = {
			isa = XCConfigurationList;
			buildConfigurations = (
				74C610DD1AB4E40A00BDFE0A /* Debug */,
				74C610DE1AB4E40A00BDFE0A /* Release */,
			);
			defaultConfigurationIsVisible = 0;
			defaultConfigurationName = Release;
		};
/* End XCConfigurationList section */
	};
	rootObject = 74C610B21AB4E40A00BDFE0A /* Project object */;
}
